// !$*UTF8*$!
{
	archiveVersion = 1;
	classes = {
	};
	objectVersion = 50;
	objects = {

/* Begin PBXBuildFile section */
		F64AB24124A04785001F95CB /* QHExcelCollectionView.swift in Sources */ = {isa = PBXBuildFile; fileRef = F64AB24024A04785001F95CB /* QHExcelCollectionView.swift */; };
		F68CCDD2249B3D54005FB517 /* AppDelegate.swift in Sources */ = {isa = PBXBuildFile; fileRef = F68CCDD1249B3D54005FB517 /* AppDelegate.swift */; };
		F68CCDD6249B3D54005FB517 /* ViewController.swift in Sources */ = {isa = PBXBuildFile; fileRef = F68CCDD5249B3D54005FB517 /* ViewController.swift */; };
		F68CCDD9249B3D54005FB517 /* Main.storyboard in Resources */ = {isa = PBXBuildFile; fileRef = F68CCDD7249B3D54005FB517 /* Main.storyboard */; };
		F68CCDDB249B3D57005FB517 /* Assets.xcassets in Resources */ = {isa = PBXBuildFile; fileRef = F68CCDDA249B3D57005FB517 /* Assets.xcassets */; };
		F68CCDDE249B3D57005FB517 /* LaunchScreen.storyboard in Resources */ = {isa = PBXBuildFile; fileRef = F68CCDDC249B3D57005FB517 /* LaunchScreen.storyboard */; };
		F68CCDE7249B4CCA005FB517 /* QHExcelCell.swift in Sources */ = {isa = PBXBuildFile; fileRef = F68CCDE6249B4CCA005FB517 /* QHExcelCell.swift */; };
		F68CCDE9249B5695005FB517 /* QHExcelCollectionViewLayout.swift in Sources */ = {isa = PBXBuildFile; fileRef = F68CCDE8249B5695005FB517 /* QHExcelCollectionViewLayout.swift */; };
		F68CCDEB249B6ABD005FB517 /* QHExcelView.swift in Sources */ = {isa = PBXBuildFile; fileRef = F68CCDEA249B6ABD005FB517 /* QHExcelView.swift */; };
		F68CCDED249B6E1E005FB517 /* QHExcelConfig.swift in Sources */ = {isa = PBXBuildFile; fileRef = F68CCDEC249B6E1E005FB517 /* QHExcelConfig.swift */; };
/* End PBXBuildFile section */

/* Begin PBXFileReference section */
		F64AB24024A04785001F95CB /* QHExcelCollectionView.swift */ = {isa = PBXFileReference; lastKnownFileType = sourcecode.swift; path = QHExcelCollectionView.swift; sourceTree = "<group>"; };
		F68CCDCE249B3D54005FB517 /* QHExcelView.app */ = {isa = PBXFileReference; explicitFileType = wrapper.application; includeInIndex = 0; path = QHExcelView.app; sourceTree = BUILT_PRODUCTS_DIR; };
		F68CCDD1249B3D54005FB517 /* AppDelegate.swift */ = {isa = PBXFileReference; lastKnownFileType = sourcecode.swift; path = AppDelegate.swift; sourceTree = "<group>"; };
		F68CCDD5249B3D54005FB517 /* ViewController.swift */ = {isa = PBXFileReference; lastKnownFileType = sourcecode.swift; path = ViewController.swift; sourceTree = "<group>"; };
		F68CCDD8249B3D54005FB517 /* Base */ = {isa = PBXFileReference; lastKnownFileType = file.storyboard; name = Base; path = Base.lproj/Main.storyboard; sourceTree = "<group>"; };
		F68CCDDA249B3D57005FB517 /* Assets.xcassets */ = {isa = PBXFileReference; lastKnownFileType = folder.assetcatalog; path = Assets.xcassets; sourceTree = "<group>"; };
		F68CCDDD249B3D57005FB517 /* Base */ = {isa = PBXFileReference; lastKnownFileType = file.storyboard; name = Base; path = Base.lproj/LaunchScreen.storyboard; sourceTree = "<group>"; };
		F68CCDDF249B3D57005FB517 /* Info.plist */ = {isa = PBXFileReference; lastKnownFileType = text.plist.xml; path = Info.plist; sourceTree = "<group>"; };
		F68CCDE6249B4CCA005FB517 /* QHExcelCell.swift */ = {isa = PBXFileReference; lastKnownFileType = sourcecode.swift; path = QHExcelCell.swift; sourceTree = "<group>"; };
		F68CCDE8249B5695005FB517 /* QHExcelCollectionViewLayout.swift */ = {isa = PBXFileReference; lastKnownFileType = sourcecode.swift; path = QHExcelCollectionViewLayout.swift; sourceTree = "<group>"; };
		F68CCDEA249B6ABD005FB517 /* QHExcelView.swift */ = {isa = PBXFileReference; lastKnownFileType = sourcecode.swift; path = QHExcelView.swift; sourceTree = "<group>"; };
		F68CCDEC249B6E1E005FB517 /* QHExcelConfig.swift */ = {isa = PBXFileReference; lastKnownFileType = sourcecode.swift; path = QHExcelConfig.swift; sourceTree = "<group>"; };
/* End PBXFileReference section */

/* Begin PBXFrameworksBuildPhase section */
		F68CCDCB249B3D54005FB517 /* Frameworks */ = {
			isa = PBXFrameworksBuildPhase;
			buildActionMask = 2147483647;
			files = (
			);
			runOnlyForDeploymentPostprocessing = 0;
		};
/* End PBXFrameworksBuildPhase section */

/* Begin PBXGroup section */
		F68CCDC5249B3D54005FB517 = {
			isa = PBXGroup;
			children = (
				F68CCDD0249B3D54005FB517 /* QHExcelView */,
				F68CCDCF249B3D54005FB517 /* Products */,
			);
			sourceTree = "<group>";
		};
		F68CCDCF249B3D54005FB517 /* Products */ = {
			isa = PBXGroup;
			children = (
				F68CCDCE249B3D54005FB517 /* QHExcelView.app */,
			);
			name = Products;
			sourceTree = "<group>";
		};
		F68CCDD0249B3D54005FB517 /* QHExcelView */ = {
			isa = PBXGroup;
			children = (
				F68CCDE5249B4CA5005FB517 /* ExcelView */,
				F68CCDD1249B3D54005FB517 /* AppDelegate.swift */,
				F68CCDD5249B3D54005FB517 /* ViewController.swift */,
				F68CCDD7249B3D54005FB517 /* Main.storyboard */,
				F68CCDDA249B3D57005FB517 /* Assets.xcassets */,
				F68CCDDC249B3D57005FB517 /* LaunchScreen.storyboard */,
				F68CCDDF249B3D57005FB517 /* Info.plist */,
			);
			path = QHExcelView;
			sourceTree = "<group>";
		};
		F68CCDE5249B4CA5005FB517 /* ExcelView */ = {
			isa = PBXGroup;
			children = (
				F68CCDE6249B4CCA005FB517 /* QHExcelCell.swift */,
				F64AB24024A04785001F95CB /* QHExcelCollectionView.swift */,
				F68CCDE8249B5695005FB517 /* QHExcelCollectionViewLayout.swift */,
				F68CCDEA249B6ABD005FB517 /* QHExcelView.swift */,
				F68CCDEC249B6E1E005FB517 /* QHExcelConfig.swift */,
			);
			path = ExcelView;
			sourceTree = "<group>";
		};
/* End PBXGroup section */

/* Begin PBXNativeTarget section */
		F68CCDCD249B3D54005FB517 /* QHExcelView */ = {
			isa = PBXNativeTarget;
			buildConfigurationList = F68CCDE2249B3D57005FB517 /* Build configuration list for PBXNativeTarget "QHExcelView" */;
			buildPhases = (
				F68CCDCA249B3D54005FB517 /* Sources */,
				F68CCDCB249B3D54005FB517 /* Frameworks */,
				F68CCDCC249B3D54005FB517 /* Resources */,
			);
			buildRules = (
			);
			dependencies = (
			);
			name = QHExcelView;
			productName = QHExcelView;
			productReference = F68CCDCE249B3D54005FB517 /* QHExcelView.app */;
			productType = "com.apple.product-type.application";
		};
/* End PBXNativeTarget section */

/* Begin PBXProject section */
		F68CCDC6249B3D54005FB517 /* Project object */ = {
			isa = PBXProject;
			attributes = {
				LastSwiftUpdateCheck = 1150;
				LastUpgradeCheck = 1150;
				ORGANIZATIONNAME = QiHe;
				TargetAttributes = {
					F68CCDCD249B3D54005FB517 = {
						CreatedOnToolsVersion = 11.5;
					};
				};
			};
			buildConfigurationList = F68CCDC9249B3D54005FB517 /* Build configuration list for PBXProject "QHExcelView" */;
			compatibilityVersion = "Xcode 9.3";
			developmentRegion = en;
			hasScannedForEncodings = 0;
			knownRegions = (
				en,
				Base,
			);
			mainGroup = F68CCDC5249B3D54005FB517;
			productRefGroup = F68CCDCF249B3D54005FB517 /* Products */;
			projectDirPath = "";
			projectRoot = "";
			targets = (
				F68CCDCD249B3D54005FB517 /* QHExcelView */,
			);
		};
/* End PBXProject section */

/* Begin PBXResourcesBuildPhase section */
		F68CCDCC249B3D54005FB517 /* Resources */ = {
			isa = PBXResourcesBuildPhase;
			buildActionMask = 2147483647;
			files = (
				F68CCDDE249B3D57005FB517 /* LaunchScreen.storyboard in Resources */,
				F68CCDDB249B3D57005FB517 /* Assets.xcassets in Resources */,
				F68CCDD9249B3D54005FB517 /* Main.storyboard in Resources */,
			);
			runOnlyForDeploymentPostprocessing = 0;
		};
/* End PBXResourcesBuildPhase section */

/* Begin PBXSourcesBuildPhase section */
		F68CCDCA249B3D54005FB517 /* Sources */ = {
			isa = PBXSourcesBuildPhase;
			buildActionMask = 2147483647;
			files = (
				F68CCDD6249B3D54005FB517 /* ViewController.swift in Sources */,
				F68CCDE9249B5695005FB517 /* QHExcelCollectionViewLayout.swift in Sources */,
				F68CCDED249B6E1E005FB517 /* QHExcelConfig.swift in Sources */,
				F68CCDEB249B6ABD005FB517 /* QHExcelView.swift in Sources */,
				F64AB24124A04785001F95CB /* QHExcelCollectionView.swift in Sources */,
				F68CCDD2249B3D54005FB517 /* AppDelegate.swift in Sources */,
				F68CCDE7249B4CCA005FB517 /* QHExcelCell.swift in Sources */,
			);
			runOnlyForDeploymentPostprocessing = 0;
		};
/* End PBXSourcesBuildPhase section */

/* Begin PBXVariantGroup section */
		F68CCDD7249B3D54005FB517 /* Main.storyboard */ = {
			isa = PBXVariantGroup;
			children = (
				F68CCDD8249B3D54005FB517 /* Base */,
			);
			name = Main.storyboard;
			sourceTree = "<group>";
		};
		F68CCDDC249B3D57005FB517 /* LaunchScreen.storyboard */ = {
			isa = PBXVariantGroup;
			children = (
				F68CCDDD249B3D57005FB517 /* Base */,
			);
			name = LaunchScreen.storyboard;
			sourceTree = "<group>";
		};
/* End PBXVariantGroup section */

/* Begin XCBuildConfiguration section */
		F68CCDE0249B3D57005FB517 /* Debug */ = {
			isa = XCBuildConfiguration;
			buildSettings = {
				ALWAYS_SEARCH_USER_PATHS = NO;
				CLANG_ANALYZER_NONNULL = YES;
				CLANG_ANALYZER_NUMBER_OBJECT_CONVERSION = YES_AGGRESSIVE;
				CLANG_CXX_LANGUAGE_STANDARD = "gnu++14";
				CLANG_CXX_LIBRARY = "libc++";
				CLANG_ENABLE_MODULES = YES;
				CLANG_ENABLE_OBJC_ARC = YES;
				CLANG_ENABLE_OBJC_WEAK = YES;
				CLANG_WARN_BLOCK_CAPTURE_AUTORELEASING = YES;
				CLANG_WARN_BOOL_CONVERSION = YES;
				CLANG_WARN_COMMA = YES;
				CLANG_WARN_CONSTANT_CONVERSION = YES;
				CLANG_WARN_DEPRECATED_OBJC_IMPLEMENTATIONS = YES;
				CLANG_WARN_DIRECT_OBJC_ISA_USAGE = YES_ERROR;
				CLANG_WARN_DOCUMENTATION_COMMENTS = YES;
				CLANG_WARN_EMPTY_BODY = YES;
				CLANG_WARN_ENUM_CONVERSION = YES;
				CLANG_WARN_INFINITE_RECURSION = YES;
				CLANG_WARN_INT_CONVERSION = YES;
				CLANG_WARN_NON_LITERAL_NULL_CONVERSION = YES;
				CLANG_WARN_OBJC_IMPLICIT_RETAIN_SELF = YES;
				CLANG_WARN_OBJC_LITERAL_CONVERSION = YES;
				CLANG_WARN_OBJC_ROOT_CLASS = YES_ERROR;
				CLANG_WARN_RANGE_LOOP_ANALYSIS = YES;
				CLANG_WARN_STRICT_PROTOTYPES = YES;
				CLANG_WARN_SUSPICIOUS_MOVE = YES;
				CLANG_WARN_UNGUARDED_AVAILABILITY = YES_AGGRESSIVE;
				CLANG_WARN_UNREACHABLE_CODE = YES;
				CLANG_WARN__DUPLICATE_METHOD_MATCH = YES;
				COPY_PHASE_STRIP = NO;
				DEBUG_INFORMATION_FORMAT = dwarf;
				ENABLE_STRICT_OBJC_MSGSEND = YES;
				ENABLE_TESTABILITY = YES;
				GCC_C_LANGUAGE_STANDARD = gnu11;
				GCC_DYNAMIC_NO_PIC = NO;
				GCC_NO_COMMON_BLOCKS = YES;
				GCC_OPTIMIZATION_LEVEL = 0;
				GCC_PREPROCESSOR_DEFINITIONS = (
					"DEBUG=1",
					"$(inherited)",
				);
				GCC_WARN_64_TO_32_BIT_CONVERSION = YES;
				GCC_WARN_ABOUT_RETURN_TYPE = YES_ERROR;
				GCC_WARN_UNDECLARED_SELECTOR = YES;
				GCC_WARN_UNINITIALIZED_AUTOS = YES_AGGRESSIVE;
				GCC_WARN_UNUSED_FUNCTION = YES;
				GCC_WARN_UNUSED_VARIABLE = YES;
				IPHONEOS_DEPLOYMENT_TARGET = 13.5;
				MTL_ENABLE_DEBUG_INFO = INCLUDE_SOURCE;
				MTL_FAST_MATH = YES;
				ONLY_ACTIVE_ARCH = YES;
				SDKROOT = iphoneos;
				SWIFT_ACTIVE_COMPILATION_CONDITIONS = DEBUG;
				SWIFT_OPTIMIZATION_LEVEL = "-Onone";
			};
			name = Debug;
		};
		F68CCDE1249B3D57005FB517 /* Release */ = {
			isa = XCBuildConfiguration;
			buildSettings = {
				ALWAYS_SEARCH_USER_PATHS = NO;
				CLANG_ANALYZER_NONNULL = YES;
				CLANG_ANALYZER_NUMBER_OBJECT_CONVERSION = YES_AGGRESSIVE;
				CLANG_CXX_LANGUAGE_STANDARD = "gnu++14";
				CLANG_CXX_LIBRARY = "libc++";
				CLANG_ENABLE_MODULES = YES;
				CLANG_ENABLE_OBJC_ARC = YES;
				CLANG_ENABLE_OBJC_WEAK = YES;
				CLANG_WARN_BLOCK_CAPTURE_AUTORELEASING = YES;
				CLANG_WARN_BOOL_CONVERSION = YES;
				CLANG_WARN_COMMA = YES;
				CLANG_WARN_CONSTANT_CONVERSION = YES;
				CLANG_WARN_DEPRECATED_OBJC_IMPLEMENTATIONS = YES;
				CLANG_WARN_DIRECT_OBJC_ISA_USAGE = YES_ERROR;
				CLANG_WARN_DOCUMENTATION_COMMENTS = YES;
				CLANG_WARN_EMPTY_BODY = YES;
				CLANG_WARN_ENUM_CONVERSION = YES;
				CLANG_WARN_INFINITE_RECURSION = YES;
				CLANG_WARN_INT_CONVERSION = YES;
				CLANG_WARN_NON_LITERAL_NULL_CONVERSION = YES;
				CLANG_WARN_OBJC_IMPLICIT_RETAIN_SELF = YES;
				CLANG_WARN_OBJC_LITERAL_CONVERSION = YES;
				CLANG_WARN_OBJC_ROOT_CLASS = YES_ERROR;
				CLANG_WARN_RANGE_LOOP_ANALYSIS = YES;
				CLANG_WARN_STRICT_PROTOTYPES = YES;
				CLANG_WARN_SUSPICIOUS_MOVE = YES;
				CLANG_WARN_UNGUARDED_AVAILABILITY = YES_AGGRESSIVE;
				CLANG_WARN_UNREACHABLE_CODE = YES;
				CLANG_WARN__DUPLICATE_METHOD_MATCH = YES;
				COPY_PHASE_STRIP = NO;
				DEBUG_INFORMATION_FORMAT = "dwarf-with-dsym";
				ENABLE_NS_ASSERTIONS = NO;
				ENABLE_STRICT_OBJC_MSGSEND = YES;
				GCC_C_LANGUAGE_STANDARD = gnu11;
				GCC_NO_COMMON_BLOCKS = YES;
				GCC_WARN_64_TO_32_BIT_CONVERSION = YES;
				GCC_WARN_ABOUT_RETURN_TYPE = YES_ERROR;
				GCC_WARN_UNDECLARED_SELECTOR = YES;
				GCC_WARN_UNINITIALIZED_AUTOS = YES_AGGRESSIVE;
				GCC_WARN_UNUSED_FUNCTION = YES;
				GCC_WARN_UNUSED_VARIABLE = YES;
				IPHONEOS_DEPLOYMENT_TARGET = 13.5;
				MTL_ENABLE_DEBUG_INFO = NO;
				MTL_FAST_MATH = YES;
				SDKROOT = iphoneos;
				SWIFT_COMPILATION_MODE = wholemodule;
				SWIFT_OPTIMIZATION_LEVEL = "-O";
				VALIDATE_PRODUCT = YES;
			};
			name = Release;
		};
		F68CCDE3249B3D57005FB517 /* Debug */ = {
			isa = XCBuildConfiguration;
			buildSettings = {
				ASSETCATALOG_COMPILER_APPICON_NAME = AppIcon;
				CODE_SIGN_STYLE = Automatic;
				INFOPLIST_FILE = QHExcelView/Info.plist;
				IPHONEOS_DEPLOYMENT_TARGET = 9.0;
				LD_RUNPATH_SEARCH_PATHS = (
					"$(inherited)",
					"@executable_path/Frameworks",
				);
				PRODUCT_BUNDLE_IDENTIFIER = com.qihe.QHExcelView;
				PRODUCT_NAME = "$(TARGET_NAME)";
				SWIFT_VERSION = 5.0;
				TARGETED_DEVICE_FAMILY = "1,2";
			};
			name = Debug;
		};
		F68CCDE4249B3D57005FB517 /* Release */ = {
			isa = XCBuildConfiguration;
			buildSettings = {
				ASSETCATALOG_COMPILER_APPICON_NAME = AppIcon;
				CODE_SIGN_STYLE = Automatic;
				INFOPLIST_FILE = QHExcelView/Info.plist;
				IPHONEOS_DEPLOYMENT_TARGET = 9.0;
				LD_RUNPATH_SEARCH_PATHS = (
					"$(inherited)",
					"@executable_path/Frameworks",
				);
				PRODUCT_BUNDLE_IDENTIFIER = com.qihe.QHExcelView;
				PRODUCT_NAME = "$(TARGET_NAME)";
				SWIFT_VERSION = 5.0;
				TARGETED_DEVICE_FAMILY = "1,2";
			};
			name = Release;
		};
/* End XCBuildConfiguration section */

/* Begin XCConfigurationList section */
		F68CCDC9249B3D54005FB517 /* Build configuration list for PBXProject "QHExcelView" */ = {
			isa = XCConfigurationList;
			buildConfigurations = (
				F68CCDE0249B3D57005FB517 /* Debug */,
				F68CCDE1249B3D57005FB517 /* Release */,
			);
			defaultConfigurationIsVisible = 0;
			defaultConfigurationName = Release;
		};
		F68CCDE2249B3D57005FB517 /* Build configuration list for PBXNativeTarget "QHExcelView" */ = {
			isa = XCConfigurationList;
			buildConfigurations = (
				F68CCDE3249B3D57005FB517 /* Debug */,
				F68CCDE4249B3D57005FB517 /* Release */,
			);
			defaultConfigurationIsVisible = 0;
			defaultConfigurationName = Release;
		};
/* End XCConfigurationList section */
	};
	rootObject = F68CCDC6249B3D54005FB517 /* Project object */;
}
